
Microsoft Visual Studio Solution File, Format Version 12.00
# Visual Studio Version 16
VisualStudioVersion = 16.0.31911.196
MinimumVisualStudioVersion = 10.0.40219.1
Project("{FAE04EC0-301F-11D3-BF4B-00C04F79EFBC}") = "my-books", "my-books\my-books.csproj", "{5030629C-2D5B-480D-A85B-EFCC4E8125FC}"
EndProject
Global
	GlobalSection(SolutionConfigurationPlatforms) = preSolution
		Debug|Any CPU = Debug|Any CPU
		Release|Any CPU = Release|Any CPU
	EndGlobalSection
	GlobalSection(ProjectConfigurationPlatforms) = postSolution
		{5030629C-2D5B-480D-A85B-EFCC4E8125FC}.Debug|Any CPU.ActiveCfg = Debug|Any CPU
		{5030629C-2D5B-480D-A85B-EFCC4E8125FC}.Debug|Any CPU.Build.0 = Debug|Any CPU
		{5030629C-2D5B-480D-A85B-EFCC4E8125FC}.Release|Any CPU.ActiveCfg = Release|Any CPU
		{5030629C-2D5B-480D-A85B-EFCC4E8125FC}.Release|Any CPU.Build.0 = Release|Any CPU
	EndGlobalSection
	GlobalSection(SolutionProperties) = preSolution
		HideSolutionNode = FALSE
	EndGlobalSection
	GlobalSection(ExtensibilityGlobals) = postSolution
		SolutionGuid = {1015EFA8-80E0-4201-94BB-CDCD4C059C2A}
	EndGlobalSection
EndGlobal
